// !$*UTF8*$!
{
	archiveVersion = 1;
	classes = {
	};
	objectVersion = 50;
	objects = {

/* Begin PBXBuildFile section */
		4F89528B24F53648000486D5 /* MouseManager.swift in Sources */ = {isa = PBXBuildFile; fileRef = 4F89528A24F53648000486D5 /* MouseManager.swift */; };
		4FE7CB7B24F4FE69002BE674 /* AppDelegate.swift in Sources */ = {isa = PBXBuildFile; fileRef = 4FE7CB7A24F4FE69002BE674 /* AppDelegate.swift */; };
		4FE7CB7D24F4FE69002BE674 /* ViewController.swift in Sources */ = {isa = PBXBuildFile; fileRef = 4FE7CB7C24F4FE69002BE674 /* ViewController.swift */; };
		4FE7CB8024F4FE69002BE674 /* MotionCursor.xcdatamodeld in Sources */ = {isa = PBXBuildFile; fileRef = 4FE7CB7E24F4FE69002BE674 /* MotionCursor.xcdatamodeld */; };
		4FE7CB8224F4FE6D002BE674 /* Assets.xcassets in Resources */ = {isa = PBXBuildFile; fileRef = 4FE7CB8124F4FE6D002BE674 /* Assets.xcassets */; };
		4FE7CB8524F4FE6D002BE674 /* Main.storyboard in Resources */ = {isa = PBXBuildFile; fileRef = 4FE7CB8324F4FE6D002BE674 /* Main.storyboard */; };
		4FE7CB9124F4FE6D002BE674 /* MotionCursorTests.swift in Sources */ = {isa = PBXBuildFile; fileRef = 4FE7CB9024F4FE6D002BE674 /* MotionCursorTests.swift */; };
		4FE7CB9C24F4FE6D002BE674 /* MotionCursorUITests.swift in Sources */ = {isa = PBXBuildFile; fileRef = 4FE7CB9B24F4FE6D002BE674 /* MotionCursorUITests.swift */; };
		4FE7CBAA24F4FFB5002BE674 /* BluetoothManager.swift in Sources */ = {isa = PBXBuildFile; fileRef = 4FE7CBA924F4FFB5002BE674 /* BluetoothManager.swift */; };
		4FE7CBFB24F52643002BE674 /* MotionInfo.swift in Sources */ = {isa = PBXBuildFile; fileRef = 4FE7CBFA24F52643002BE674 /* MotionInfo.swift */; };
/* End PBXBuildFile section */

/* Begin PBXContainerItemProxy section */
		4FE7CB8D24F4FE6D002BE674 /* PBXContainerItemProxy */ = {
			isa = PBXContainerItemProxy;
			containerPortal = 4FE7CB6F24F4FE69002BE674 /* Project object */;
			proxyType = 1;
			remoteGlobalIDString = 4FE7CB7624F4FE69002BE674;
			remoteInfo = MotionCursor;
		};
		4FE7CB9824F4FE6D002BE674 /* PBXContainerItemProxy */ = {
			isa = PBXContainerItemProxy;
			containerPortal = 4FE7CB6F24F4FE69002BE674 /* Project object */;
			proxyType = 1;
			remoteGlobalIDString = 4FE7CB7624F4FE69002BE674;
			remoteInfo = MotionCursor;
		};
/* End PBXContainerItemProxy section */

/* Begin PBXFileReference section */
		4F89528A24F53648000486D5 /* MouseManager.swift */ = {isa = PBXFileReference; lastKnownFileType = sourcecode.swift; path = MouseManager.swift; sourceTree = "<group>"; };
		4FE7CB7724F4FE69002BE674 /* MotionCursor.app */ = {isa = PBXFileReference; explicitFileType = wrapper.application; includeInIndex = 0; path = MotionCursor.app; sourceTree = BUILT_PRODUCTS_DIR; };
		4FE7CB7A24F4FE69002BE674 /* AppDelegate.swift */ = {isa = PBXFileReference; lastKnownFileType = sourcecode.swift; path = AppDelegate.swift; sourceTree = "<group>"; };
		4FE7CB7C24F4FE69002BE674 /* ViewController.swift */ = {isa = PBXFileReference; lastKnownFileType = sourcecode.swift; path = ViewController.swift; sourceTree = "<group>"; };
		4FE7CB7F24F4FE69002BE674 /* MotionCursor.xcdatamodel */ = {isa = PBXFileReference; lastKnownFileType = wrapper.xcdatamodel; path = MotionCursor.xcdatamodel; sourceTree = "<group>"; };
		4FE7CB8124F4FE6D002BE674 /* Assets.xcassets */ = {isa = PBXFileReference; lastKnownFileType = folder.assetcatalog; path = Assets.xcassets; sourceTree = "<group>"; };
		4FE7CB8424F4FE6D002BE674 /* Base */ = {isa = PBXFileReference; lastKnownFileType = file.storyboard; name = Base; path = Base.lproj/Main.storyboard; sourceTree = "<group>"; };
		4FE7CB8624F4FE6D002BE674 /* Info.plist */ = {isa = PBXFileReference; lastKnownFileType = text.plist.xml; path = Info.plist; sourceTree = "<group>"; };
		4FE7CB8724F4FE6D002BE674 /* MotionCursor.entitlements */ = {isa = PBXFileReference; lastKnownFileType = text.plist.entitlements; path = MotionCursor.entitlements; sourceTree = "<group>"; };
		4FE7CB8C24F4FE6D002BE674 /* MotionCursorTests.xctest */ = {isa = PBXFileReference; explicitFileType = wrapper.cfbundle; includeInIndex = 0; path = MotionCursorTests.xctest; sourceTree = BUILT_PRODUCTS_DIR; };
		4FE7CB9024F4FE6D002BE674 /* MotionCursorTests.swift */ = {isa = PBXFileReference; lastKnownFileType = sourcecode.swift; path = MotionCursorTests.swift; sourceTree = "<group>"; };
		4FE7CB9224F4FE6D002BE674 /* Info.plist */ = {isa = PBXFileReference; lastKnownFileType = text.plist.xml; path = Info.plist; sourceTree = "<group>"; };
		4FE7CB9724F4FE6D002BE674 /* MotionCursorUITests.xctest */ = {isa = PBXFileReference; explicitFileType = wrapper.cfbundle; includeInIndex = 0; path = MotionCursorUITests.xctest; sourceTree = BUILT_PRODUCTS_DIR; };
		4FE7CB9B24F4FE6D002BE674 /* MotionCursorUITests.swift */ = {isa = PBXFileReference; lastKnownFileType = sourcecode.swift; path = MotionCursorUITests.swift; sourceTree = "<group>"; };
		4FE7CB9D24F4FE6D002BE674 /* Info.plist */ = {isa = PBXFileReference; lastKnownFileType = text.plist.xml; path = Info.plist; sourceTree = "<group>"; };
		4FE7CBA924F4FFB5002BE674 /* BluetoothManager.swift */ = {isa = PBXFileReference; lastKnownFileType = sourcecode.swift; path = BluetoothManager.swift; sourceTree = "<group>"; };
		4FE7CBFA24F52643002BE674 /* MotionInfo.swift */ = {isa = PBXFileReference; lastKnownFileType = sourcecode.swift; path = MotionInfo.swift; sourceTree = "<group>"; };
/* End PBXFileReference section */

/* Begin PBXFrameworksBuildPhase section */
		4FE7CB7424F4FE69002BE674 /* Frameworks */ = {
			isa = PBXFrameworksBuildPhase;
			buildActionMask = 2147483647;
			files = (
			);
			runOnlyForDeploymentPostprocessing = 0;
		};
		4FE7CB8924F4FE6D002BE674 /* Frameworks */ = {
			isa = PBXFrameworksBuildPhase;
			buildActionMask = 2147483647;
			files = (
			);
			runOnlyForDeploymentPostprocessing = 0;
		};
		4FE7CB9424F4FE6D002BE674 /* Frameworks */ = {
			isa = PBXFrameworksBuildPhase;
			buildActionMask = 2147483647;
			files = (
			);
			runOnlyForDeploymentPostprocessing = 0;
		};
/* End PBXFrameworksBuildPhase section */

/* Begin PBXGroup section */
		4FE7CB6E24F4FE69002BE674 = {
			isa = PBXGroup;
			children = (
				4FE7CB7924F4FE69002BE674 /* MotionCursor */,
				4FE7CB8F24F4FE6D002BE674 /* MotionCursorTests */,
				4FE7CB9A24F4FE6D002BE674 /* MotionCursorUITests */,
				4FE7CB7824F4FE69002BE674 /* Products */,
			);
			sourceTree = "<group>";
		};
		4FE7CB7824F4FE69002BE674 /* Products */ = {
			isa = PBXGroup;
			children = (
				4FE7CB7724F4FE69002BE674 /* MotionCursor.app */,
				4FE7CB8C24F4FE6D002BE674 /* MotionCursorTests.xctest */,
				4FE7CB9724F4FE6D002BE674 /* MotionCursorUITests.xctest */,
			);
			name = Products;
			sourceTree = "<group>";
		};
		4FE7CB7924F4FE69002BE674 /* MotionCursor */ = {
			isa = PBXGroup;
			children = (
				4FE7CB7A24F4FE69002BE674 /* AppDelegate.swift */,
				4FE7CB7C24F4FE69002BE674 /* ViewController.swift */,
				4FE7CBA924F4FFB5002BE674 /* BluetoothManager.swift */,
				4FE7CBFA24F52643002BE674 /* MotionInfo.swift */,
				4F89528A24F53648000486D5 /* MouseManager.swift */,
				4FE7CB8124F4FE6D002BE674 /* Assets.xcassets */,
				4FE7CB8324F4FE6D002BE674 /* Main.storyboard */,
				4FE7CB8624F4FE6D002BE674 /* Info.plist */,
				4FE7CB8724F4FE6D002BE674 /* MotionCursor.entitlements */,
				4FE7CB7E24F4FE69002BE674 /* MotionCursor.xcdatamodeld */,
			);
			path = MotionCursor;
			sourceTree = "<group>";
		};
		4FE7CB8F24F4FE6D002BE674 /* MotionCursorTests */ = {
			isa = PBXGroup;
			children = (
				4FE7CB9024F4FE6D002BE674 /* MotionCursorTests.swift */,
				4FE7CB9224F4FE6D002BE674 /* Info.plist */,
			);
			path = MotionCursorTests;
			sourceTree = "<group>";
		};
		4FE7CB9A24F4FE6D002BE674 /* MotionCursorUITests */ = {
			isa = PBXGroup;
			children = (
				4FE7CB9B24F4FE6D002BE674 /* MotionCursorUITests.swift */,
				4FE7CB9D24F4FE6D002BE674 /* Info.plist */,
			);
			path = MotionCursorUITests;
			sourceTree = "<group>";
		};
/* End PBXGroup section */

/* Begin PBXNativeTarget section */
		4FE7CB7624F4FE69002BE674 /* MotionCursor */ = {
			isa = PBXNativeTarget;
			buildConfigurationList = 4FE7CBA024F4FE6D002BE674 /* Build configuration list for PBXNativeTarget "MotionCursor" */;
			buildPhases = (
				4FE7CB7324F4FE69002BE674 /* Sources */,
				4FE7CB7424F4FE69002BE674 /* Frameworks */,
				4FE7CB7524F4FE69002BE674 /* Resources */,
			);
			buildRules = (
			);
			dependencies = (
			);
			name = MotionCursor;
			productName = MotionCursor;
			productReference = 4FE7CB7724F4FE69002BE674 /* MotionCursor.app */;
			productType = "com.apple.product-type.application";
		};
		4FE7CB8B24F4FE6D002BE674 /* MotionCursorTests */ = {
			isa = PBXNativeTarget;
			buildConfigurationList = 4FE7CBA324F4FE6D002BE674 /* Build configuration list for PBXNativeTarget "MotionCursorTests" */;
			buildPhases = (
				4FE7CB8824F4FE6D002BE674 /* Sources */,
				4FE7CB8924F4FE6D002BE674 /* Frameworks */,
				4FE7CB8A24F4FE6D002BE674 /* Resources */,
			);
			buildRules = (
			);
			dependencies = (
				4FE7CB8E24F4FE6D002BE674 /* PBXTargetDependency */,
			);
			name = MotionCursorTests;
			productName = MotionCursorTests;
			productReference = 4FE7CB8C24F4FE6D002BE674 /* MotionCursorTests.xctest */;
			productType = "com.apple.product-type.bundle.unit-test";
		};
		4FE7CB9624F4FE6D002BE674 /* MotionCursorUITests */ = {
			isa = PBXNativeTarget;
			buildConfigurationList = 4FE7CBA624F4FE6D002BE674 /* Build configuration list for PBXNativeTarget "MotionCursorUITests" */;
			buildPhases = (
				4FE7CB9324F4FE6D002BE674 /* Sources */,
				4FE7CB9424F4FE6D002BE674 /* Frameworks */,
				4FE7CB9524F4FE6D002BE674 /* Resources */,
			);
			buildRules = (
			);
			dependencies = (
				4FE7CB9924F4FE6D002BE674 /* PBXTargetDependency */,
			);
			name = MotionCursorUITests;
			productName = MotionCursorUITests;
			productReference = 4FE7CB9724F4FE6D002BE674 /* MotionCursorUITests.xctest */;
			productType = "com.apple.product-type.bundle.ui-testing";
		};
/* End PBXNativeTarget section */

/* Begin PBXProject section */
		4FE7CB6F24F4FE69002BE674 /* Project object */ = {
			isa = PBXProject;
			attributes = {
				LastSwiftUpdateCheck = 1160;
				LastUpgradeCheck = 1160;
				ORGANIZATIONNAME = NH;
				TargetAttributes = {
					4FE7CB7624F4FE69002BE674 = {
						CreatedOnToolsVersion = 11.6;
					};
					4FE7CB8B24F4FE6D002BE674 = {
						CreatedOnToolsVersion = 11.6;
						TestTargetID = 4FE7CB7624F4FE69002BE674;
					};
					4FE7CB9624F4FE6D002BE674 = {
						CreatedOnToolsVersion = 11.6;
						TestTargetID = 4FE7CB7624F4FE69002BE674;
					};
				};
			};
			buildConfigurationList = 4FE7CB7224F4FE69002BE674 /* Build configuration list for PBXProject "MotionCursor" */;
			compatibilityVersion = "Xcode 9.3";
			developmentRegion = en;
			hasScannedForEncodings = 0;
			knownRegions = (
				en,
				Base,
			);
			mainGroup = 4FE7CB6E24F4FE69002BE674;
			productRefGroup = 4FE7CB7824F4FE69002BE674 /* Products */;
			projectDirPath = "";
			projectRoot = "";
			targets = (
				4FE7CB7624F4FE69002BE674 /* MotionCursor */,
				4FE7CB8B24F4FE6D002BE674 /* MotionCursorTests */,
				4FE7CB9624F4FE6D002BE674 /* MotionCursorUITests */,
			);
		};
/* End PBXProject section */

/* Begin PBXResourcesBuildPhase section */
		4FE7CB7524F4FE69002BE674 /* Resources */ = {
			isa = PBXResourcesBuildPhase;
			buildActionMask = 2147483647;
			files = (
				4FE7CB8224F4FE6D002BE674 /* Assets.xcassets in Resources */,
				4FE7CB8524F4FE6D002BE674 /* Main.storyboard in Resources */,
			);
			runOnlyForDeploymentPostprocessing = 0;
		};
		4FE7CB8A24F4FE6D002BE674 /* Resources */ = {
			isa = PBXResourcesBuildPhase;
			buildActionMask = 2147483647;
			files = (
			);
			runOnlyForDeploymentPostprocessing = 0;
		};
		4FE7CB9524F4FE6D002BE674 /* Resources */ = {
			isa = PBXResourcesBuildPhase;
			buildActionMask = 2147483647;
			files = (
			);
			runOnlyForDeploymentPostprocessing = 0;
		};
/* End PBXResourcesBuildPhase section */

/* Begin PBXSourcesBuildPhase section */
		4FE7CB7324F4FE69002BE674 /* Sources */ = {
			isa = PBXSourcesBuildPhase;
			buildActionMask = 2147483647;
			files = (
				4FE7CB7D24F4FE69002BE674 /* ViewController.swift in Sources */,
				4FE7CB7B24F4FE69002BE674 /* AppDelegate.swift in Sources */,
				4FE7CBAA24F4FFB5002BE674 /* BluetoothManager.swift in Sources */,
				4FE7CBFB24F52643002BE674 /* MotionInfo.swift in Sources */,
				4FE7CB8024F4FE69002BE674 /* MotionCursor.xcdatamodeld in Sources */,
				4F89528B24F53648000486D5 /* MouseManager.swift in Sources */,
			);
			runOnlyForDeploymentPostprocessing = 0;
		};
		4FE7CB8824F4FE6D002BE674 /* Sources */ = {
			isa = PBXSourcesBuildPhase;
			buildActionMask = 2147483647;
			files = (
				4FE7CB9124F4FE6D002BE674 /* MotionCursorTests.swift in Sources */,
			);
			runOnlyForDeploymentPostprocessing = 0;
		};
		4FE7CB9324F4FE6D002BE674 /* Sources */ = {
			isa = PBXSourcesBuildPhase;
			buildActionMask = 2147483647;
			files = (
				4FE7CB9C24F4FE6D002BE674 /* MotionCursorUITests.swift in Sources */,
			);
			runOnlyForDeploymentPostprocessing = 0;
		};
/* End PBXSourcesBuildPhase section */

/* Begin PBXTargetDependency section */
		4FE7CB8E24F4FE6D002BE674 /* PBXTargetDependency */ = {
			isa = PBXTargetDependency;
			target = 4FE7CB7624F4FE69002BE674 /* MotionCursor */;
			targetProxy = 4FE7CB8D24F4FE6D002BE674 /* PBXContainerItemProxy */;
		};
		4FE7CB9924F4FE6D002BE674 /* PBXTargetDependency */ = {
			isa = PBXTargetDependency;
			target = 4FE7CB7624F4FE69002BE674 /* MotionCursor */;
			targetProxy = 4FE7CB9824F4FE6D002BE674 /* PBXContainerItemProxy */;
		};
/* End PBXTargetDependency section */

/* Begin PBXVariantGroup section */
		4FE7CB8324F4FE6D002BE674 /* Main.storyboard */ = {
			isa = PBXVariantGroup;
			children = (
				4FE7CB8424F4FE6D002BE674 /* Base */,
			);
			name = Main.storyboard;
			sourceTree = "<group>";
		};
/* End PBXVariantGroup section */

/* Begin XCBuildConfiguration section */
		4FE7CB9E24F4FE6D002BE674 /* Debug */ = {
			isa = XCBuildConfiguration;
			buildSettings = {
				ALWAYS_SEARCH_USER_PATHS = NO;
				CLANG_ANALYZER_NONNULL = YES;
				CLANG_ANALYZER_NUMBER_OBJECT_CONVERSION = YES_AGGRESSIVE;
				CLANG_CXX_LANGUAGE_STANDARD = "gnu++14";
				CLANG_CXX_LIBRARY = "libc++";
				CLANG_ENABLE_MODULES = YES;
				CLANG_ENABLE_OBJC_ARC = YES;
				CLANG_ENABLE_OBJC_WEAK = YES;
				CLANG_WARN_BLOCK_CAPTURE_AUTORELEASING = YES;
				CLANG_WARN_BOOL_CONVERSION = YES;
				CLANG_WARN_COMMA = YES;
				CLANG_WARN_CONSTANT_CONVERSION = YES;
				CLANG_WARN_DEPRECATED_OBJC_IMPLEMENTATIONS = YES;
				CLANG_WARN_DIRECT_OBJC_ISA_USAGE = YES_ERROR;
				CLANG_WARN_DOCUMENTATION_COMMENTS = YES;
				CLANG_WARN_EMPTY_BODY = YES;
				CLANG_WARN_ENUM_CONVERSION = YES;
				CLANG_WARN_INFINITE_RECURSION = YES;
				CLANG_WARN_INT_CONVERSION = YES;
				CLANG_WARN_NON_LITERAL_NULL_CONVERSION = YES;
				CLANG_WARN_OBJC_IMPLICIT_RETAIN_SELF = YES;
				CLANG_WARN_OBJC_LITERAL_CONVERSION = YES;
				CLANG_WARN_OBJC_ROOT_CLASS = YES_ERROR;
				CLANG_WARN_RANGE_LOOP_ANALYSIS = YES;
				CLANG_WARN_STRICT_PROTOTYPES = YES;
				CLANG_WARN_SUSPICIOUS_MOVE = YES;
				CLANG_WARN_UNGUARDED_AVAILABILITY = YES_AGGRESSIVE;
				CLANG_WARN_UNREACHABLE_CODE = YES;
				CLANG_WARN__DUPLICATE_METHOD_MATCH = YES;
				COPY_PHASE_STRIP = NO;
				DEBUG_INFORMATION_FORMAT = dwarf;
				ENABLE_STRICT_OBJC_MSGSEND = YES;
				ENABLE_TESTABILITY = YES;
				GCC_C_LANGUAGE_STANDARD = gnu11;
				GCC_DYNAMIC_NO_PIC = NO;
				GCC_NO_COMMON_BLOCKS = YES;
				GCC_OPTIMIZATION_LEVEL = 0;
				GCC_PREPROCESSOR_DEFINITIONS = (
					"DEBUG=1",
					"$(inherited)",
				);
				GCC_WARN_64_TO_32_BIT_CONVERSION = YES;
				GCC_WARN_ABOUT_RETURN_TYPE = YES_ERROR;
				GCC_WARN_UNDECLARED_SELECTOR = YES;
				GCC_WARN_UNINITIALIZED_AUTOS = YES_AGGRESSIVE;
				GCC_WARN_UNUSED_FUNCTION = YES;
				GCC_WARN_UNUSED_VARIABLE = YES;
				MACOSX_DEPLOYMENT_TARGET = 10.15;
				MTL_ENABLE_DEBUG_INFO = INCLUDE_SOURCE;
				MTL_FAST_MATH = YES;
				ONLY_ACTIVE_ARCH = YES;
				SDKROOT = macosx;
				SWIFT_ACTIVE_COMPILATION_CONDITIONS = DEBUG;
				SWIFT_OPTIMIZATION_LEVEL = "-Onone";
			};
			name = Debug;
		};
		4FE7CB9F24F4FE6D002BE674 /* Release */ = {
			isa = XCBuildConfiguration;
			buildSettings = {
				ALWAYS_SEARCH_USER_PATHS = NO;
				CLANG_ANALYZER_NONNULL = YES;
				CLANG_ANALYZER_NUMBER_OBJECT_CONVERSION = YES_AGGRESSIVE;
				CLANG_CXX_LANGUAGE_STANDARD = "gnu++14";
				CLANG_CXX_LIBRARY = "libc++";
				CLANG_ENABLE_MODULES = YES;
				CLANG_ENABLE_OBJC_ARC = YES;
				CLANG_ENABLE_OBJC_WEAK = YES;
				CLANG_WARN_BLOCK_CAPTURE_AUTORELEASING = YES;
				CLANG_WARN_BOOL_CONVERSION = YES;
				CLANG_WARN_COMMA = YES;
				CLANG_WARN_CONSTANT_CONVERSION = YES;
				CLANG_WARN_DEPRECATED_OBJC_IMPLEMENTATIONS = YES;
				CLANG_WARN_DIRECT_OBJC_ISA_USAGE = YES_ERROR;
				CLANG_WARN_DOCUMENTATION_COMMENTS = YES;
				CLANG_WARN_EMPTY_BODY = YES;
				CLANG_WARN_ENUM_CONVERSION = YES;
				CLANG_WARN_INFINITE_RECURSION = YES;
				CLANG_WARN_INT_CONVERSION = YES;
				CLANG_WARN_NON_LITERAL_NULL_CONVERSION = YES;
				CLANG_WARN_OBJC_IMPLICIT_RETAIN_SELF = YES;
				CLANG_WARN_OBJC_LITERAL_CONVERSION = YES;
				CLANG_WARN_OBJC_ROOT_CLASS = YES_ERROR;
				CLANG_WARN_RANGE_LOOP_ANALYSIS = YES;
				CLANG_WARN_STRICT_PROTOTYPES = YES;
				CLANG_WARN_SUSPICIOUS_MOVE = YES;
				CLANG_WARN_UNGUARDED_AVAILABILITY = YES_AGGRESSIVE;
				CLANG_WARN_UNREACHABLE_CODE = YES;
				CLANG_WARN__DUPLICATE_METHOD_MATCH = YES;
				COPY_PHASE_STRIP = NO;
				DEBUG_INFORMATION_FORMAT = "dwarf-with-dsym";
				ENABLE_NS_ASSERTIONS = NO;
				ENABLE_STRICT_OBJC_MSGSEND = YES;
				GCC_C_LANGUAGE_STANDARD = gnu11;
				GCC_NO_COMMON_BLOCKS = YES;
				GCC_WARN_64_TO_32_BIT_CONVERSION = YES;
				GCC_WARN_ABOUT_RETURN_TYPE = YES_ERROR;
				GCC_WARN_UNDECLARED_SELECTOR = YES;
				GCC_WARN_UNINITIALIZED_AUTOS = YES_AGGRESSIVE;
				GCC_WARN_UNUSED_FUNCTION = YES;
				GCC_WARN_UNUSED_VARIABLE = YES;
				MACOSX_DEPLOYMENT_TARGET = 10.15;
				MTL_ENABLE_DEBUG_INFO = NO;
				MTL_FAST_MATH = YES;
				SDKROOT = macosx;
				SWIFT_COMPILATION_MODE = wholemodule;
				SWIFT_OPTIMIZATION_LEVEL = "-O";
			};
			name = Release;
		};
		4FE7CBA124F4FE6D002BE674 /* Debug */ = {
			isa = XCBuildConfiguration;
			buildSettings = {
				ASSETCATALOG_COMPILER_APPICON_NAME = AppIcon;
				CODE_SIGN_ENTITLEMENTS = MotionCursor/MotionCursor.entitlements;
				CODE_SIGN_STYLE = Automatic;
				COMBINE_HIDPI_IMAGES = YES;
				DEVELOPMENT_TEAM = 2CMV7D36JC;
				ENABLE_HARDENED_RUNTIME = YES;
				INFOPLIST_FILE = MotionCursor/Info.plist;
				LD_RUNPATH_SEARCH_PATHS = (
					"$(inherited)",
					"@executable_path/../Frameworks",
				);
				PRODUCT_BUNDLE_IDENTIFIER = "com.cyan-namid09.MotionCursor";
				PRODUCT_NAME = "$(TARGET_NAME)";
				SWIFT_VERSION = 5.0;
			};
			name = Debug;
		};
		4FE7CBA224F4FE6D002BE674 /* Release */ = {
			isa = XCBuildConfiguration;
			buildSettings = {
				ASSETCATALOG_COMPILER_APPICON_NAME = AppIcon;
				CODE_SIGN_ENTITLEMENTS = MotionCursor/MotionCursor.entitlements;
				CODE_SIGN_STYLE = Automatic;
				COMBINE_HIDPI_IMAGES = YES;
				DEVELOPMENT_TEAM = 2CMV7D36JC;
				ENABLE_HARDENED_RUNTIME = YES;
				INFOPLIST_FILE = MotionCursor/Info.plist;
				LD_RUNPATH_SEARCH_PATHS = (
					"$(inherited)",
					"@executable_path/../Frameworks",
				);
				PRODUCT_BUNDLE_IDENTIFIER = "com.cyan-namid09.MotionCursor";
				PRODUCT_NAME = "$(TARGET_NAME)";
				SWIFT_VERSION = 5.0;
			};
			name = Release;
		};
		4FE7CBA424F4FE6D002BE674 /* Debug */ = {
			isa = XCBuildConfiguration;
			buildSettings = {
				ALWAYS_EMBED_SWIFT_STANDARD_LIBRARIES = YES;
				BUNDLE_LOADER = "$(TEST_HOST)";
				CODE_SIGN_STYLE = Automatic;
				COMBINE_HIDPI_IMAGES = YES;
				DEVELOPMENT_TEAM = 2CMV7D36JC;
				INFOPLIST_FILE = MotionCursorTests/Info.plist;
				LD_RUNPATH_SEARCH_PATHS = (
					"$(inherited)",
					"@executable_path/../Frameworks",
					"@loader_path/../Frameworks",
				);
				MACOSX_DEPLOYMENT_TARGET = 10.15;
				PRODUCT_BUNDLE_IDENTIFIER = "com.cyan-namid09.MotionCursorTests";
				PRODUCT_NAME = "$(TARGET_NAME)";
				SWIFT_VERSION = 5.0;
				TEST_HOST = "$(BUILT_PRODUCTS_DIR)/MotionCursor.app/Contents/MacOS/MotionCursor";
			};
			name = Debug;
		};
		4FE7CBA524F4FE6D002BE674 /* Release */ = {
			isa = XCBuildConfiguration;
			buildSettings = {
				ALWAYS_EMBED_SWIFT_STANDARD_LIBRARIES = YES;
				BUNDLE_LOADER = "$(TEST_HOST)";
				CODE_SIGN_STYLE = Automatic;
				COMBINE_HIDPI_IMAGES = YES;
				DEVELOPMENT_TEAM = 2CMV7D36JC;
				INFOPLIST_FILE = MotionCursorTests/Info.plist;
				LD_RUNPATH_SEARCH_PATHS = (
					"$(inherited)",
					"@executable_path/../Frameworks",
					"@loader_path/../Frameworks",
				);
				MACOSX_DEPLOYMENT_TARGET = 10.15;
				PRODUCT_BUNDLE_IDENTIFIER = "com.cyan-namid09.MotionCursorTests";
				PRODUCT_NAME = "$(TARGET_NAME)";
				SWIFT_VERSION = 5.0;
				TEST_HOST = "$(BUILT_PRODUCTS_DIR)/MotionCursor.app/Contents/MacOS/MotionCursor";
			};
			name = Release;
		};
		4FE7CBA724F4FE6D002BE674 /* Debug */ = {
			isa = XCBuildConfiguration;
			buildSettings = {
				ALWAYS_EMBED_SWIFT_STANDARD_LIBRARIES = YES;
				CODE_SIGN_STYLE = Automatic;
				COMBINE_HIDPI_IMAGES = YES;
				DEVELOPMENT_TEAM = 2CMV7D36JC;
				INFOPLIST_FILE = MotionCursorUITests/Info.plist;
				LD_RUNPATH_SEARCH_PATHS = (
					"$(inherited)",
					"@executable_path/../Frameworks",
					"@loader_path/../Frameworks",
				);
				PRODUCT_BUNDLE_IDENTIFIER = "com.cyan-namid09.MotionCursorUITests";
				PRODUCT_NAME = "$(TARGET_NAME)";
				SWIFT_VERSION = 5.0;
				TEST_TARGET_NAME = MotionCursor;
			};
			name = Debug;
		};
		4FE7CBA824F4FE6D002BE674 /* Release */ = {
			isa = XCBuildConfiguration;
			buildSettings = {
				ALWAYS_EMBED_SWIFT_STANDARD_LIBRARIES = YES;
				CODE_SIGN_STYLE = Automatic;
				COMBINE_HIDPI_IMAGES = YES;
				DEVELOPMENT_TEAM = 2CMV7D36JC;
				INFOPLIST_FILE = MotionCursorUITests/Info.plist;
				LD_RUNPATH_SEARCH_PATHS = (
					"$(inherited)",
					"@executable_path/../Frameworks",
					"@loader_path/../Frameworks",
				);
				PRODUCT_BUNDLE_IDENTIFIER = "com.cyan-namid09.MotionCursorUITests";
				PRODUCT_NAME = "$(TARGET_NAME)";
				SWIFT_VERSION = 5.0;
				TEST_TARGET_NAME = MotionCursor;
			};
			name = Release;
		};
/* End XCBuildConfiguration section */

/* Begin XCConfigurationList section */
		4FE7CB7224F4FE69002BE674 /* Build configuration list for PBXProject "MotionCursor" */ = {
			isa = XCConfigurationList;
			buildConfigurations = (
				4FE7CB9E24F4FE6D002BE674 /* Debug */,
				4FE7CB9F24F4FE6D002BE674 /* Release */,
			);
			defaultConfigurationIsVisible = 0;
			defaultConfigurationName = Release;
		};
		4FE7CBA024F4FE6D002BE674 /* Build configuration list for PBXNativeTarget "MotionCursor" */ = {
			isa = XCConfigurationList;
			buildConfigurations = (
				4FE7CBA124F4FE6D002BE674 /* Debug */,
				4FE7CBA224F4FE6D002BE674 /* Release */,
			);
			defaultConfigurationIsVisible = 0;
			defaultConfigurationName = Release;
		};
		4FE7CBA324F4FE6D002BE674 /* Build configuration list for PBXNativeTarget "MotionCursorTests" */ = {
			isa = XCConfigurationList;
			buildConfigurations = (
				4FE7CBA424F4FE6D002BE674 /* Debug */,
				4FE7CBA524F4FE6D002BE674 /* Release */,
			);
			defaultConfigurationIsVisible = 0;
			defaultConfigurationName = Release;
		};
		4FE7CBA624F4FE6D002BE674 /* Build configuration list for PBXNativeTarget "MotionCursorUITests" */ = {
			isa = XCConfigurationList;
			buildConfigurations = (
				4FE7CBA724F4FE6D002BE674 /* Debug */,
				4FE7CBA824F4FE6D002BE674 /* Release */,
			);
			defaultConfigurationIsVisible = 0;
			defaultConfigurationName = Release;
		};
/* End XCConfigurationList section */

/* Begin XCVersionGroup section */
		4FE7CB7E24F4FE69002BE674 /* MotionCursor.xcdatamodeld */ = {
			isa = XCVersionGroup;
			children = (
				4FE7CB7F24F4FE69002BE674 /* MotionCursor.xcdatamodel */,
			);
			currentVersion = 4FE7CB7F24F4FE69002BE674 /* MotionCursor.xcdatamodel */;
			path = MotionCursor.xcdatamodeld;
			sourceTree = "<group>";
			versionGroupType = wrapper.xcdatamodel;
		};
/* End XCVersionGroup section */
	};
	rootObject = 4FE7CB6F24F4FE69002BE674 /* Project object */;
}
